
Microsoft Visual Studio Solution File, Format Version 12.00
# Visual Studio Version 16
VisualStudioVersion = 16.0.31515.178
MinimumVisualStudioVersion = 10.0.40219.1
Project("{FAE04EC0-301F-11D3-BF4B-00C04F79EFBC}") = "Tabuada", "Tabuada\Tabuada.csproj", "{A54E882A-2FD0-473C-8AD0-C115056911DB}"
EndProject
Global
	GlobalSection(SolutionConfigurationPlatforms) = preSolution
		Debug|Any CPU = Debug|Any CPU
		Release|Any CPU = Release|Any CPU
	EndGlobalSection
	GlobalSection(ProjectConfigurationPlatforms) = postSolution
		{A54E882A-2FD0-473C-8AD0-C115056911DB}.Debug|Any CPU.ActiveCfg = Debug|Any CPU
		{A54E882A-2FD0-473C-8AD0-C115056911DB}.Debug|Any CPU.Build.0 = Debug|Any CPU
		{A54E882A-2FD0-473C-8AD0-C115056911DB}.Release|Any CPU.ActiveCfg = Release|Any CPU
		{A54E882A-2FD0-473C-8AD0-C115056911DB}.Release|Any CPU.Build.0 = Release|Any CPU
	EndGlobalSection
	GlobalSection(SolutionProperties) = preSolution
		HideSolutionNode = FALSE
	EndGlobalSection
	GlobalSection(ExtensibilityGlobals) = postSolution
		SolutionGuid = {109A54CC-4C5E-4882-8271-1E20D99EFC29}
	EndGlobalSection
EndGlobal
